
Microsoft Visual Studio Solution File, Format Version 12.00
# Visual Studio 15
Project("{FAE04EC0-301F-11D3-BF4B-00C04F79EFBC}") = "Opdracht_7.6", "Opdracht_7.6\Opdracht_7.6.csproj", "{C4AA6232-8101-4F57-B967-E606B5C0727D}"
EndProject
Global
	GlobalSection(SolutionConfigurationPlatforms) = preSolution
		Debug|Any CPU = Debug|Any CPU
		Release|Any CPU = Release|Any CPU
	EndGlobalSection
	GlobalSection(ProjectConfigurationPlatforms) = postSolution
		{C4AA6232-8101-4F57-B967-E606B5C0727D}.Debug|Any CPU.ActiveCfg = Debug|Any CPU
		{C4AA6232-8101-4F57-B967-E606B5C0727D}.Debug|Any CPU.Build.0 = Debug|Any CPU
		{C4AA6232-8101-4F57-B967-E606B5C0727D}.Release|Any CPU.ActiveCfg = Release|Any CPU
		{C4AA6232-8101-4F57-B967-E606B5C0727D}.Release|Any CPU.Build.0 = Release|Any CPU
	EndGlobalSection
EndGlobal
