
Microsoft Visual Studio Solution File, Format Version 12.00
# Visual Studio 15
Project("{FAE04EC0-301F-11D3-BF4B-00C04F79EFBC}") = "11_UnderstandingScope", "11_UnderstandingScope\11_UnderstandingScope.csproj", "{217B61B6-B0E3-4FAD-9935-45BB8906115A}"
EndProject
Global
	GlobalSection(SolutionConfigurationPlatforms) = preSolution
		Debug|Any CPU = Debug|Any CPU
		Release|Any CPU = Release|Any CPU
	EndGlobalSection
	GlobalSection(ProjectConfigurationPlatforms) = postSolution
		{217B61B6-B0E3-4FAD-9935-45BB8906115A}.Debug|Any CPU.ActiveCfg = Debug|Any CPU
		{217B61B6-B0E3-4FAD-9935-45BB8906115A}.Debug|Any CPU.Build.0 = Debug|Any CPU
		{217B61B6-B0E3-4FAD-9935-45BB8906115A}.Release|Any CPU.ActiveCfg = Release|Any CPU
		{217B61B6-B0E3-4FAD-9935-45BB8906115A}.Release|Any CPU.Build.0 = Release|Any CPU
	EndGlobalSection
EndGlobal
