
Microsoft Visual Studio Solution File, Format Version 12.00
# Visual Studio 15
Project("{FAE04EC0-301F-11D3-BF4B-00C04F79EFBC}") = "12_Opleidingsinstituut", "12_Opleidingsinstituut\12_Opleidingsinstituut.csproj", "{983E6E1C-9B55-4A57-80C5-3CF4707C2FF3}"
EndProject
Global
	GlobalSection(SolutionConfigurationPlatforms) = preSolution
		Debug|Any CPU = Debug|Any CPU
		Release|Any CPU = Release|Any CPU
	EndGlobalSection
	GlobalSection(ProjectConfigurationPlatforms) = postSolution
		{983E6E1C-9B55-4A57-80C5-3CF4707C2FF3}.Debug|Any CPU.ActiveCfg = Debug|Any CPU
		{983E6E1C-9B55-4A57-80C5-3CF4707C2FF3}.Debug|Any CPU.Build.0 = Debug|Any CPU
		{983E6E1C-9B55-4A57-80C5-3CF4707C2FF3}.Release|Any CPU.ActiveCfg = Release|Any CPU
		{983E6E1C-9B55-4A57-80C5-3CF4707C2FF3}.Release|Any CPU.Build.0 = Release|Any CPU
	EndGlobalSection
EndGlobal
