
Microsoft Visual Studio Solution File, Format Version 12.00
# Visual Studio 15
Project("{FAE04EC0-301F-11D3-BF4B-00C04F79EFBC}") = "Opdracht_3.1", "Opdracht_3.1\Opdracht_3.1.csproj", "{866671AB-F4CD-49A0-ACE0-D37CB064DC3A}"
EndProject
Global
	GlobalSection(SolutionConfigurationPlatforms) = preSolution
		Debug|Any CPU = Debug|Any CPU
		Release|Any CPU = Release|Any CPU
	EndGlobalSection
	GlobalSection(ProjectConfigurationPlatforms) = postSolution
		{866671AB-F4CD-49A0-ACE0-D37CB064DC3A}.Debug|Any CPU.ActiveCfg = Debug|Any CPU
		{866671AB-F4CD-49A0-ACE0-D37CB064DC3A}.Debug|Any CPU.Build.0 = Debug|Any CPU
		{866671AB-F4CD-49A0-ACE0-D37CB064DC3A}.Release|Any CPU.ActiveCfg = Release|Any CPU
		{866671AB-F4CD-49A0-ACE0-D37CB064DC3A}.Release|Any CPU.Build.0 = Release|Any CPU
	EndGlobalSection
EndGlobal
