
Microsoft Visual Studio Solution File, Format Version 12.00
# Visual Studio Version 16
VisualStudioVersion = 16.0.29613.14
MinimumVisualStudioVersion = 10.0.40219.1
Project("{FAE04EC0-301F-11D3-BF4B-00C04F79EFBC}") = "Largest_product_in_a_grid", "Largest_product_in_a_grid\Largest_product_in_a_grid.csproj", "{9925790C-062D-4ADD-8A61-68A9AC3C8EBA}"
EndProject
Global
	GlobalSection(SolutionConfigurationPlatforms) = preSolution
		Debug|Any CPU = Debug|Any CPU
		Release|Any CPU = Release|Any CPU
	EndGlobalSection
	GlobalSection(ProjectConfigurationPlatforms) = postSolution
		{9925790C-062D-4ADD-8A61-68A9AC3C8EBA}.Debug|Any CPU.ActiveCfg = Debug|Any CPU
		{9925790C-062D-4ADD-8A61-68A9AC3C8EBA}.Debug|Any CPU.Build.0 = Debug|Any CPU
		{9925790C-062D-4ADD-8A61-68A9AC3C8EBA}.Release|Any CPU.ActiveCfg = Release|Any CPU
		{9925790C-062D-4ADD-8A61-68A9AC3C8EBA}.Release|Any CPU.Build.0 = Release|Any CPU
	EndGlobalSection
	GlobalSection(SolutionProperties) = preSolution
		HideSolutionNode = FALSE
	EndGlobalSection
	GlobalSection(ExtensibilityGlobals) = postSolution
		SolutionGuid = {9D2DEE20-B243-45CC-BFD6-3801CCDA5257}
	EndGlobalSection
EndGlobal
