
Microsoft Visual Studio Solution File, Format Version 12.00
# Visual Studio 15
Project("{FAE04EC0-301F-11D3-BF4B-00C04F79EFBC}") = "6_Camping", "6_Camping\6_Camping.csproj", "{9270DF44-7A54-4D35-8F3E-D382D59446BB}"
EndProject
Global
	GlobalSection(SolutionConfigurationPlatforms) = preSolution
		Debug|Any CPU = Debug|Any CPU
		Release|Any CPU = Release|Any CPU
	EndGlobalSection
	GlobalSection(ProjectConfigurationPlatforms) = postSolution
		{9270DF44-7A54-4D35-8F3E-D382D59446BB}.Debug|Any CPU.ActiveCfg = Debug|Any CPU
		{9270DF44-7A54-4D35-8F3E-D382D59446BB}.Debug|Any CPU.Build.0 = Debug|Any CPU
		{9270DF44-7A54-4D35-8F3E-D382D59446BB}.Release|Any CPU.ActiveCfg = Release|Any CPU
		{9270DF44-7A54-4D35-8F3E-D382D59446BB}.Release|Any CPU.Build.0 = Release|Any CPU
	EndGlobalSection
EndGlobal
