
Microsoft Visual Studio Solution File, Format Version 12.00
# Visual Studio 15
Project("{FAE04EC0-301F-11D3-BF4B-00C04F79EFBC}") = "4_Largest_palindrome_product", "4_Largest_palindrome_product\4_Largest_palindrome_product.csproj", "{2603DBC8-E513-4FFC-843A-A390977DDAD2}"
EndProject
Global
	GlobalSection(SolutionConfigurationPlatforms) = preSolution
		Debug|Any CPU = Debug|Any CPU
		Release|Any CPU = Release|Any CPU
	EndGlobalSection
	GlobalSection(ProjectConfigurationPlatforms) = postSolution
		{2603DBC8-E513-4FFC-843A-A390977DDAD2}.Debug|Any CPU.ActiveCfg = Debug|Any CPU
		{2603DBC8-E513-4FFC-843A-A390977DDAD2}.Debug|Any CPU.Build.0 = Debug|Any CPU
		{2603DBC8-E513-4FFC-843A-A390977DDAD2}.Release|Any CPU.ActiveCfg = Release|Any CPU
		{2603DBC8-E513-4FFC-843A-A390977DDAD2}.Release|Any CPU.Build.0 = Release|Any CPU
	EndGlobalSection
EndGlobal
