
Microsoft Visual Studio Solution File, Format Version 12.00
# Visual Studio 15
Project("{FAE04EC0-301F-11D3-BF4B-00C04F79EFBC}") = "19_OperatorsExpressionsStatements", "19_OperatorsExpressionsStatements\19_OperatorsExpressionsStatements.csproj", "{DC484472-F59C-4FB3-8708-F0C392124F0F}"
EndProject
Global
	GlobalSection(SolutionConfigurationPlatforms) = preSolution
		Debug|Any CPU = Debug|Any CPU
		Release|Any CPU = Release|Any CPU
	EndGlobalSection
	GlobalSection(ProjectConfigurationPlatforms) = postSolution
		{DC484472-F59C-4FB3-8708-F0C392124F0F}.Debug|Any CPU.ActiveCfg = Debug|Any CPU
		{DC484472-F59C-4FB3-8708-F0C392124F0F}.Debug|Any CPU.Build.0 = Debug|Any CPU
		{DC484472-F59C-4FB3-8708-F0C392124F0F}.Release|Any CPU.ActiveCfg = Release|Any CPU
		{DC484472-F59C-4FB3-8708-F0C392124F0F}.Release|Any CPU.Build.0 = Release|Any CPU
	EndGlobalSection
EndGlobal
