
Microsoft Visual Studio Solution File, Format Version 12.00
# Visual Studio 15
Project("{FAE04EC0-301F-11D3-BF4B-00C04F79EFBC}") = "Hoofdstuk_4.vb.2", "Hoofdstuk_4.vb.2\Hoofdstuk_4.vb.2.csproj", "{B62F5F71-3D68-44C3-823D-DC96916645D2}"
EndProject
Global
	GlobalSection(SolutionConfigurationPlatforms) = preSolution
		Debug|Any CPU = Debug|Any CPU
		Release|Any CPU = Release|Any CPU
	EndGlobalSection
	GlobalSection(ProjectConfigurationPlatforms) = postSolution
		{B62F5F71-3D68-44C3-823D-DC96916645D2}.Debug|Any CPU.ActiveCfg = Debug|Any CPU
		{B62F5F71-3D68-44C3-823D-DC96916645D2}.Debug|Any CPU.Build.0 = Debug|Any CPU
		{B62F5F71-3D68-44C3-823D-DC96916645D2}.Release|Any CPU.ActiveCfg = Release|Any CPU
		{B62F5F71-3D68-44C3-823D-DC96916645D2}.Release|Any CPU.Build.0 = Release|Any CPU
	EndGlobalSection
EndGlobal
