
Microsoft Visual Studio Solution File, Format Version 12.00
# Visual Studio 15
Project("{FAE04EC0-301F-11D3-BF4B-00C04F79EFBC}") = "Opdracht_5.4", "Opdracht_5.4\Opdracht_5.4.csproj", "{7DA1F249-DB7A-4812-A598-D924DF566056}"
EndProject
Global
	GlobalSection(SolutionConfigurationPlatforms) = preSolution
		Debug|Any CPU = Debug|Any CPU
		Release|Any CPU = Release|Any CPU
	EndGlobalSection
	GlobalSection(ProjectConfigurationPlatforms) = postSolution
		{7DA1F249-DB7A-4812-A598-D924DF566056}.Debug|Any CPU.ActiveCfg = Debug|Any CPU
		{7DA1F249-DB7A-4812-A598-D924DF566056}.Debug|Any CPU.Build.0 = Debug|Any CPU
		{7DA1F249-DB7A-4812-A598-D924DF566056}.Release|Any CPU.ActiveCfg = Release|Any CPU
		{7DA1F249-DB7A-4812-A598-D924DF566056}.Release|Any CPU.Build.0 = Release|Any CPU
	EndGlobalSection
EndGlobal
