
Microsoft Visual Studio Solution File, Format Version 12.00
# Visual Studio 15
Project("{FAE04EC0-301F-11D3-BF4B-00C04F79EFBC}") = "10_Summation_of_Primes", "10_Summation_of_Primes\10_Summation_of_Primes.csproj", "{F13E9FBE-AF72-4538-B867-577BCBB7F506}"
EndProject
Global
	GlobalSection(SolutionConfigurationPlatforms) = preSolution
		Debug|Any CPU = Debug|Any CPU
		Release|Any CPU = Release|Any CPU
	EndGlobalSection
	GlobalSection(ProjectConfigurationPlatforms) = postSolution
		{F13E9FBE-AF72-4538-B867-577BCBB7F506}.Debug|Any CPU.ActiveCfg = Debug|Any CPU
		{F13E9FBE-AF72-4538-B867-577BCBB7F506}.Debug|Any CPU.Build.0 = Debug|Any CPU
		{F13E9FBE-AF72-4538-B867-577BCBB7F506}.Release|Any CPU.ActiveCfg = Release|Any CPU
		{F13E9FBE-AF72-4538-B867-577BCBB7F506}.Release|Any CPU.Build.0 = Release|Any CPU
	EndGlobalSection
EndGlobal
